
Microsoft Visual Studio Solution File, Format Version 12.00
# Visual Studio 15
VisualStudioVersion = 15.0.28307.489
MinimumVisualStudioVersion = 10.0.40219.1
Project("{FAE04EC0-301F-11D3-BF4B-00C04F79EFBC}") = "CattleCallAPI", "CattleCallAPI\CattleCallAPI.csproj", "{C182D765-6798-4C08-AC58-6E413F1ADA93}"
EndProject
Global
	GlobalSection(SolutionConfigurationPlatforms) = preSolution
		Debug|Any CPU = Debug|Any CPU
		Release|Any CPU = Release|Any CPU
	EndGlobalSection
	GlobalSection(ProjectConfigurationPlatforms) = postSolution
		{C182D765-6798-4C08-AC58-6E413F1ADA93}.Debug|Any CPU.ActiveCfg = Debug|Any CPU
		{C182D765-6798-4C08-AC58-6E413F1ADA93}.Debug|Any CPU.Build.0 = Debug|Any CPU
		{C182D765-6798-4C08-AC58-6E413F1ADA93}.Release|Any CPU.ActiveCfg = Release|Any CPU
		{C182D765-6798-4C08-AC58-6E413F1ADA93}.Release|Any CPU.Build.0 = Release|Any CPU
	EndGlobalSection
	GlobalSection(SolutionProperties) = preSolution
		HideSolutionNode = FALSE
	EndGlobalSection
	GlobalSection(ExtensibilityGlobals) = postSolution
		SolutionGuid = {FCDE39B5-F628-463B-A979-6A2D13E4048A}
	EndGlobalSection
EndGlobal
